
Microsoft Visual Studio Solution File, Format Version 12.00
# Visual Studio Version 16
VisualStudioVersion = 16.0.30717.126
MinimumVisualStudioVersion = 10.0.40219.1
Project("{FAE04EC0-301F-11D3-BF4B-00C04F79EFBC}") = "ReportGenerator", "ReportGenerator\ReportGenerator.csproj", "{C74A37D8-156F-4A92-9532-36EB261CA637}"
EndProject
Project("{FAE04EC0-301F-11D3-BF4B-00C04F79EFBC}") = "ReportGeneratorTests", "ReportGeneratorTests\ReportGeneratorTests.csproj", "{036238B4-AA67-4996-AC5D-3CF7F5F70C9D}"
EndProject
Global
	GlobalSection(SolutionConfigurationPlatforms) = preSolution
		Debug|Any CPU = Debug|Any CPU
		Release|Any CPU = Release|Any CPU
	EndGlobalSection
	GlobalSection(ProjectConfigurationPlatforms) = postSolution
		{C74A37D8-156F-4A92-9532-36EB261CA637}.Debug|Any CPU.ActiveCfg = Debug|Any CPU
		{C74A37D8-156F-4A92-9532-36EB261CA637}.Debug|Any CPU.Build.0 = Debug|Any CPU
		{C74A37D8-156F-4A92-9532-36EB261CA637}.Release|Any CPU.ActiveCfg = Release|Any CPU
		{C74A37D8-156F-4A92-9532-36EB261CA637}.Release|Any CPU.Build.0 = Release|Any CPU
		{036238B4-AA67-4996-AC5D-3CF7F5F70C9D}.Debug|Any CPU.ActiveCfg = Debug|Any CPU
		{036238B4-AA67-4996-AC5D-3CF7F5F70C9D}.Debug|Any CPU.Build.0 = Debug|Any CPU
		{036238B4-AA67-4996-AC5D-3CF7F5F70C9D}.Release|Any CPU.ActiveCfg = Release|Any CPU
		{036238B4-AA67-4996-AC5D-3CF7F5F70C9D}.Release|Any CPU.Build.0 = Release|Any CPU
	EndGlobalSection
	GlobalSection(SolutionProperties) = preSolution
		HideSolutionNode = FALSE
	EndGlobalSection
	GlobalSection(ExtensibilityGlobals) = postSolution
		SolutionGuid = {49FDB390-A18B-4FB6-BD1E-6584B450A29E}
	EndGlobalSection
EndGlobal
